
Microsoft Visual Studio Solution File, Format Version 12.00
# Visual Studio 15
VisualStudioVersion = 15.0.28010.2046
MinimumVisualStudioVersion = 10.0.40219.1
Project("{FAE04EC0-301F-11D3-BF4B-00C04F79EFBC}") = "Technical Exercises", "ConsoleApp1\Technical Exercises.csproj", "{54E171EE-F879-469D-BC2E-88787AC3DFDD}"
EndProject
Global
	GlobalSection(SolutionConfigurationPlatforms) = preSolution
		Debug|Any CPU = Debug|Any CPU
		Release|Any CPU = Release|Any CPU
	EndGlobalSection
	GlobalSection(ProjectConfigurationPlatforms) = postSolution
		{54E171EE-F879-469D-BC2E-88787AC3DFDD}.Debug|Any CPU.ActiveCfg = Debug|Any CPU
		{54E171EE-F879-469D-BC2E-88787AC3DFDD}.Debug|Any CPU.Build.0 = Debug|Any CPU
		{54E171EE-F879-469D-BC2E-88787AC3DFDD}.Release|Any CPU.ActiveCfg = Release|Any CPU
		{54E171EE-F879-469D-BC2E-88787AC3DFDD}.Release|Any CPU.Build.0 = Release|Any CPU
	EndGlobalSection
	GlobalSection(SolutionProperties) = preSolution
		HideSolutionNode = FALSE
	EndGlobalSection
	GlobalSection(ExtensibilityGlobals) = postSolution
		SolutionGuid = {D62335A0-65F9-42CC-BAB5-EFE532617758}
	EndGlobalSection
EndGlobal
